
Microsoft Visual Studio Solution File, Format Version 12.00
# Visual Studio 2013
VisualStudioVersion = 12.0.30110.0
MinimumVisualStudioVersion = 10.0.40219.1
Project("{FAE04EC0-301F-11D3-BF4B-00C04F79EFBC}") = "DNT", "DNT\DNT.csproj", "{78DE1391-BDEF-49B0-8A11-997FF4EC2FCA}"
EndProject
Project("{FAE04EC0-301F-11D3-BF4B-00C04F79EFBC}") = "DNT.Test", "DNT.Test\DNT.Test.csproj", "{2B12008C-FCD9-4685-9241-A46B4A712B49}"
EndProject
Global
	GlobalSection(SolutionConfigurationPlatforms) = preSolution
		Debug|Any CPU = Debug|Any CPU
		Release|Any CPU = Release|Any CPU
	EndGlobalSection
	GlobalSection(ProjectConfigurationPlatforms) = postSolution
		{78DE1391-BDEF-49B0-8A11-997FF4EC2FCA}.Debug|Any CPU.ActiveCfg = Debug|Any CPU
		{78DE1391-BDEF-49B0-8A11-997FF4EC2FCA}.Debug|Any CPU.Build.0 = Debug|Any CPU
		{78DE1391-BDEF-49B0-8A11-997FF4EC2FCA}.Release|Any CPU.ActiveCfg = Release|Any CPU
		{78DE1391-BDEF-49B0-8A11-997FF4EC2FCA}.Release|Any CPU.Build.0 = Release|Any CPU
		{2B12008C-FCD9-4685-9241-A46B4A712B49}.Debug|Any CPU.ActiveCfg = Debug|Any CPU
		{2B12008C-FCD9-4685-9241-A46B4A712B49}.Debug|Any CPU.Build.0 = Debug|Any CPU
		{2B12008C-FCD9-4685-9241-A46B4A712B49}.Release|Any CPU.ActiveCfg = Release|Any CPU
		{2B12008C-FCD9-4685-9241-A46B4A712B49}.Release|Any CPU.Build.0 = Release|Any CPU
	EndGlobalSection
	GlobalSection(SolutionProperties) = preSolution
		HideSolutionNode = FALSE
	EndGlobalSection
EndGlobal
